{
  "name": "example",
  "version": "1.0.0",
  "lockfileVersion": 1,
  "requires": true,
  "dependencies": {
    "formna": {
      "version": "1.0.2",
      "resolved": "https://registry.npmjs.org/formna/-/formna-1.0.2.tgz",
      "integrity": "sha512-I/jjxSLI0WzloDuOf63Bk2MsP4KMdARxRmPhUwJTE02JltcYvgUMbmoPQNsa/yF5DAX/uMbCwvpl+9wNWbwKJw=="
    }
  }
}
