{
  "name": "example",
  "version": "1.0.0",
  "lockfileVersion": 1,
  "requires": true,
  "dependencies": {
    "formna": {
      "version": "1.0.0",
      "resolved": "https://registry.npmjs.org/formna/-/formna-1.0.0.tgz",
      "integrity": "sha512-j3Q3C3wAQLFEjHg14oubq42H6d6OTuU9m5iGN3q+43r9mRFB+JrwG6aVVs0qYQw3wmCb3uMXmCLplVVaFsDL7A=="
    }
  }
}
