{
  "name": "example",
  "version": "1.0.0",
  "lockfileVersion": 1,
  "requires": true,
  "dependencies": {
    "formna": {
      "version": "1.0.4",
      "resolved": "https://registry.npmjs.org/formna/-/formna-1.0.4.tgz",
      "integrity": "sha512-wo5gJddn+n+dzkeDCLjBwEX0S9ZlkrrRQrlpHBeEO3vyv5oAaMGXxD3XM5hRZp3V7muACiKXDLRI0912WUUNLA=="
    }
  }
}
